// !$*UTF8*$!
{
	archiveVersion = 1;
	classes = {
	};
	objectVersion = 48;
	objects = {

/* Begin PBXBuildFile section */
		187139E820D8F75000CA7188 /* CGlibrary.framework in Frameworks */ = {isa = PBXBuildFile; fileRef = 187139DE20D8F74F00CA7188 /* CGlibrary.framework */; };
		187139ED20D8F75000CA7188 /* CGlibraryTests.swift in Sources */ = {isa = PBXBuildFile; fileRef = 187139EC20D8F75000CA7188 /* CGlibraryTests.swift */; };
		187139EF20D8F75000CA7188 /* CGlibrary.h in Headers */ = {isa = PBXBuildFile; fileRef = 187139E120D8F74F00CA7188 /* CGlibrary.h */; settings = {ATTRIBUTES = (Public, ); }; };
		187139F920D8F77D00CA7188 /* CGlibraryView.xib in Resources */ = {isa = PBXBuildFile; fileRef = 187139F820D8F77D00CA7188 /* CGlibraryView.xib */; };
		187139FB20D8F81D00CA7188 /* CGlibraryView.swift in Sources */ = {isa = PBXBuildFile; fileRef = 187139FA20D8F81D00CA7188 /* CGlibraryView.swift */; };
/* End PBXBuildFile section */

/* Begin PBXContainerItemProxy section */
		187139E920D8F75000CA7188 /* PBXContainerItemProxy */ = {
			isa = PBXContainerItemProxy;
			containerPortal = 187139D520D8F74F00CA7188 /* Project object */;
			proxyType = 1;
			remoteGlobalIDString = 187139DD20D8F74F00CA7188;
			remoteInfo = CGlibrary;
		};
/* End PBXContainerItemProxy section */

/* Begin PBXFileReference section */
		187139DE20D8F74F00CA7188 /* CGlibrary.framework */ = {isa = PBXFileReference; explicitFileType = wrapper.framework; includeInIndex = 0; path = CGlibrary.framework; sourceTree = BUILT_PRODUCTS_DIR; };
		187139E120D8F74F00CA7188 /* CGlibrary.h */ = {isa = PBXFileReference; lastKnownFileType = sourcecode.c.h; path = CGlibrary.h; sourceTree = "<group>"; };
		187139E220D8F74F00CA7188 /* Info.plist */ = {isa = PBXFileReference; lastKnownFileType = text.plist.xml; path = Info.plist; sourceTree = "<group>"; };
		187139E720D8F75000CA7188 /* CGlibraryTests.xctest */ = {isa = PBXFileReference; explicitFileType = wrapper.cfbundle; includeInIndex = 0; path = CGlibraryTests.xctest; sourceTree = BUILT_PRODUCTS_DIR; };
		187139EC20D8F75000CA7188 /* CGlibraryTests.swift */ = {isa = PBXFileReference; lastKnownFileType = sourcecode.swift; path = CGlibraryTests.swift; sourceTree = "<group>"; };
		187139EE20D8F75000CA7188 /* Info.plist */ = {isa = PBXFileReference; lastKnownFileType = text.plist.xml; path = Info.plist; sourceTree = "<group>"; };
		187139F820D8F77D00CA7188 /* CGlibraryView.xib */ = {isa = PBXFileReference; lastKnownFileType = file.xib; path = CGlibraryView.xib; sourceTree = "<group>"; };
		187139FA20D8F81D00CA7188 /* CGlibraryView.swift */ = {isa = PBXFileReference; lastKnownFileType = sourcecode.swift; path = CGlibraryView.swift; sourceTree = "<group>"; };
/* End PBXFileReference section */

/* Begin PBXFrameworksBuildPhase section */
		187139DA20D8F74F00CA7188 /* Frameworks */ = {
			isa = PBXFrameworksBuildPhase;
			buildActionMask = 2147483647;
			files = (
			);
			runOnlyForDeploymentPostprocessing = 0;
		};
		187139E420D8F75000CA7188 /* Frameworks */ = {
			isa = PBXFrameworksBuildPhase;
			buildActionMask = 2147483647;
			files = (
				187139E820D8F75000CA7188 /* CGlibrary.framework in Frameworks */,
			);
			runOnlyForDeploymentPostprocessing = 0;
		};
/* End PBXFrameworksBuildPhase section */

/* Begin PBXGroup section */
		187139D420D8F74F00CA7188 = {
			isa = PBXGroup;
			children = (
				187139E020D8F74F00CA7188 /* CGlibrary */,
				187139EB20D8F75000CA7188 /* CGlibraryTests */,
				187139DF20D8F74F00CA7188 /* Products */,
			);
			sourceTree = "<group>";
		};
		187139DF20D8F74F00CA7188 /* Products */ = {
			isa = PBXGroup;
			children = (
				187139DE20D8F74F00CA7188 /* CGlibrary.framework */,
				187139E720D8F75000CA7188 /* CGlibraryTests.xctest */,
			);
			name = Products;
			sourceTree = "<group>";
		};
		187139E020D8F74F00CA7188 /* CGlibrary */ = {
			isa = PBXGroup;
			children = (
				187139E120D8F74F00CA7188 /* CGlibrary.h */,
				187139E220D8F74F00CA7188 /* Info.plist */,
				187139F820D8F77D00CA7188 /* CGlibraryView.xib */,
				187139FA20D8F81D00CA7188 /* CGlibraryView.swift */,
			);
			path = CGlibrary;
			sourceTree = "<group>";
		};
		187139EB20D8F75000CA7188 /* CGlibraryTests */ = {
			isa = PBXGroup;
			children = (
				187139EC20D8F75000CA7188 /* CGlibraryTests.swift */,
				187139EE20D8F75000CA7188 /* Info.plist */,
			);
			path = CGlibraryTests;
			sourceTree = "<group>";
		};
/* End PBXGroup section */

/* Begin PBXHeadersBuildPhase section */
		187139DB20D8F74F00CA7188 /* Headers */ = {
			isa = PBXHeadersBuildPhase;
			buildActionMask = 2147483647;
			files = (
				187139EF20D8F75000CA7188 /* CGlibrary.h in Headers */,
			);
			runOnlyForDeploymentPostprocessing = 0;
		};
/* End PBXHeadersBuildPhase section */

/* Begin PBXNativeTarget section */
		187139DD20D8F74F00CA7188 /* CGlibrary */ = {
			isa = PBXNativeTarget;
			buildConfigurationList = 187139F220D8F75000CA7188 /* Build configuration list for PBXNativeTarget "CGlibrary" */;
			buildPhases = (
				187139D920D8F74F00CA7188 /* Sources */,
				187139DA20D8F74F00CA7188 /* Frameworks */,
				187139DB20D8F74F00CA7188 /* Headers */,
				187139DC20D8F74F00CA7188 /* Resources */,
			);
			buildRules = (
			);
			dependencies = (
			);
			name = CGlibrary;
			productName = CGlibrary;
			productReference = 187139DE20D8F74F00CA7188 /* CGlibrary.framework */;
			productType = "com.apple.product-type.framework";
		};
		187139E620D8F75000CA7188 /* CGlibraryTests */ = {
			isa = PBXNativeTarget;
			buildConfigurationList = 187139F520D8F75000CA7188 /* Build configuration list for PBXNativeTarget "CGlibraryTests" */;
			buildPhases = (
				187139E320D8F75000CA7188 /* Sources */,
				187139E420D8F75000CA7188 /* Frameworks */,
				187139E520D8F75000CA7188 /* Resources */,
			);
			buildRules = (
			);
			dependencies = (
				187139EA20D8F75000CA7188 /* PBXTargetDependency */,
			);
			name = CGlibraryTests;
			productName = CGlibraryTests;
			productReference = 187139E720D8F75000CA7188 /* CGlibraryTests.xctest */;
			productType = "com.apple.product-type.bundle.unit-test";
		};
/* End PBXNativeTarget section */

/* Begin PBXProject section */
		187139D520D8F74F00CA7188 /* Project object */ = {
			isa = PBXProject;
			attributes = {
				LastSwiftUpdateCheck = 0920;
				LastUpgradeCheck = 0920;
				ORGANIZATIONNAME = apple;
				TargetAttributes = {
					187139DD20D8F74F00CA7188 = {
						CreatedOnToolsVersion = 9.2;
						LastSwiftMigration = 0920;
						ProvisioningStyle = Automatic;
					};
					187139E620D8F75000CA7188 = {
						CreatedOnToolsVersion = 9.2;
						ProvisioningStyle = Automatic;
					};
				};
			};
			buildConfigurationList = 187139D820D8F74F00CA7188 /* Build configuration list for PBXProject "CGlibrary" */;
			compatibilityVersion = "Xcode 8.0";
			developmentRegion = en;
			hasScannedForEncodings = 0;
			knownRegions = (
				en,
			);
			mainGroup = 187139D420D8F74F00CA7188;
			productRefGroup = 187139DF20D8F74F00CA7188 /* Products */;
			projectDirPath = "";
			projectRoot = "";
			targets = (
				187139DD20D8F74F00CA7188 /* CGlibrary */,
				187139E620D8F75000CA7188 /* CGlibraryTests */,
			);
		};
/* End PBXProject section */

/* Begin PBXResourcesBuildPhase section */
		187139DC20D8F74F00CA7188 /* Resources */ = {
			isa = PBXResourcesBuildPhase;
			buildActionMask = 2147483647;
			files = (
				187139F920D8F77D00CA7188 /* CGlibraryView.xib in Resources */,
			);
			runOnlyForDeploymentPostprocessing = 0;
		};
		187139E520D8F75000CA7188 /* Resources */ = {
			isa = PBXResourcesBuildPhase;
			buildActionMask = 2147483647;
			files = (
			);
			runOnlyForDeploymentPostprocessing = 0;
		};
/* End PBXResourcesBuildPhase section */

/* Begin PBXSourcesBuildPhase section */
		187139D920D8F74F00CA7188 /* Sources */ = {
			isa = PBXSourcesBuildPhase;
			buildActionMask = 2147483647;
			files = (
				187139FB20D8F81D00CA7188 /* CGlibraryView.swift in Sources */,
			);
			runOnlyForDeploymentPostprocessing = 0;
		};
		187139E320D8F75000CA7188 /* Sources */ = {
			isa = PBXSourcesBuildPhase;
			buildActionMask = 2147483647;
			files = (
				187139ED20D8F75000CA7188 /* CGlibraryTests.swift in Sources */,
			);
			runOnlyForDeploymentPostprocessing = 0;
		};
/* End PBXSourcesBuildPhase section */

/* Begin PBXTargetDependency section */
		187139EA20D8F75000CA7188 /* PBXTargetDependency */ = {
			isa = PBXTargetDependency;
			target = 187139DD20D8F74F00CA7188 /* CGlibrary */;
			targetProxy = 187139E920D8F75000CA7188 /* PBXContainerItemProxy */;
		};
/* End PBXTargetDependency section */

/* Begin XCBuildConfiguration section */
		187139F020D8F75000CA7188 /* Debug */ = {
			isa = XCBuildConfiguration;
			buildSettings = {
				ALWAYS_SEARCH_USER_PATHS = NO;
				CLANG_ANALYZER_NONNULL = YES;
				CLANG_ANALYZER_NUMBER_OBJECT_CONVERSION = YES_AGGRESSIVE;
				CLANG_CXX_LANGUAGE_STANDARD = "gnu++14";
				CLANG_CXX_LIBRARY = "libc++";
				CLANG_ENABLE_MODULES = YES;
				CLANG_ENABLE_OBJC_ARC = YES;
				CLANG_WARN_BLOCK_CAPTURE_AUTORELEASING = YES;
				CLANG_WARN_BOOL_CONVERSION = YES;
				CLANG_WARN_COMMA = YES;
				CLANG_WARN_CONSTANT_CONVERSION = YES;
				CLANG_WARN_DIRECT_OBJC_ISA_USAGE = YES_ERROR;
				CLANG_WARN_DOCUMENTATION_COMMENTS = YES;
				CLANG_WARN_EMPTY_BODY = YES;
				CLANG_WARN_ENUM_CONVERSION = YES;
				CLANG_WARN_INFINITE_RECURSION = YES;
				CLANG_WARN_INT_CONVERSION = YES;
				CLANG_WARN_NON_LITERAL_NULL_CONVERSION = YES;
				CLANG_WARN_OBJC_LITERAL_CONVERSION = YES;
				CLANG_WARN_OBJC_ROOT_CLASS = YES_ERROR;
				CLANG_WARN_RANGE_LOOP_ANALYSIS = YES;
				CLANG_WARN_STRICT_PROTOTYPES = YES;
				CLANG_WARN_SUSPICIOUS_MOVE = YES;
				CLANG_WARN_UNGUARDED_AVAILABILITY = YES_AGGRESSIVE;
				CLANG_WARN_UNREACHABLE_CODE = YES;
				CLANG_WARN__DUPLICATE_METHOD_MATCH = YES;
				CODE_SIGN_IDENTITY = "iPhone Developer";
				COPY_PHASE_STRIP = NO;
				CURRENT_PROJECT_VERSION = 1;
				DEBUG_INFORMATION_FORMAT = dwarf;
				ENABLE_STRICT_OBJC_MSGSEND = YES;
				ENABLE_TESTABILITY = YES;
				GCC_C_LANGUAGE_STANDARD = gnu11;
				GCC_DYNAMIC_NO_PIC = NO;
				GCC_NO_COMMON_BLOCKS = YES;
				GCC_OPTIMIZATION_LEVEL = 0;
				GCC_PREPROCESSOR_DEFINITIONS = (
					"DEBUG=1",
					"$(inherited)",
				);
				GCC_WARN_64_TO_32_BIT_CONVERSION = YES;
				GCC_WARN_ABOUT_RETURN_TYPE = YES_ERROR;
				GCC_WARN_UNDECLARED_SELECTOR = YES;
				GCC_WARN_UNINITIALIZED_AUTOS = YES_AGGRESSIVE;
				GCC_WARN_UNUSED_FUNCTION = YES;
				GCC_WARN_UNUSED_VARIABLE = YES;
				IPHONEOS_DEPLOYMENT_TARGET = 11.2;
				MTL_ENABLE_DEBUG_INFO = YES;
				ONLY_ACTIVE_ARCH = YES;
				SDKROOT = iphoneos;
				SWIFT_ACTIVE_COMPILATION_CONDITIONS = DEBUG;
				SWIFT_OPTIMIZATION_LEVEL = "-Onone";
				VERSIONING_SYSTEM = "apple-generic";
				VERSION_INFO_PREFIX = "";
			};
			name = Debug;
		};
		187139F120D8F75000CA7188 /* Release */ = {
			isa = XCBuildConfiguration;
			buildSettings = {
				ALWAYS_SEARCH_USER_PATHS = NO;
				CLANG_ANALYZER_NONNULL = YES;
				CLANG_ANALYZER_NUMBER_OBJECT_CONVERSION = YES_AGGRESSIVE;
				CLANG_CXX_LANGUAGE_STANDARD = "gnu++14";
				CLANG_CXX_LIBRARY = "libc++";
				CLANG_ENABLE_MODULES = YES;
				CLANG_ENABLE_OBJC_ARC = YES;
				CLANG_WARN_BLOCK_CAPTURE_AUTORELEASING = YES;
				CLANG_WARN_BOOL_CONVERSION = YES;
				CLANG_WARN_COMMA = YES;
				CLANG_WARN_CONSTANT_CONVERSION = YES;
				CLANG_WARN_DIRECT_OBJC_ISA_USAGE = YES_ERROR;
				CLANG_WARN_DOCUMENTATION_COMMENTS = YES;
				CLANG_WARN_EMPTY_BODY = YES;
				CLANG_WARN_ENUM_CONVERSION = YES;
				CLANG_WARN_INFINITE_RECURSION = YES;
				CLANG_WARN_INT_CONVERSION = YES;
				CLANG_WARN_NON_LITERAL_NULL_CONVERSION = YES;
				CLANG_WARN_OBJC_LITERAL_CONVERSION = YES;
				CLANG_WARN_OBJC_ROOT_CLASS = YES_ERROR;
				CLANG_WARN_RANGE_LOOP_ANALYSIS = YES;
				CLANG_WARN_STRICT_PROTOTYPES = YES;
				CLANG_WARN_SUSPICIOUS_MOVE = YES;
				CLANG_WARN_UNGUARDED_AVAILABILITY = YES_AGGRESSIVE;
				CLANG_WARN_UNREACHABLE_CODE = YES;
				CLANG_WARN__DUPLICATE_METHOD_MATCH = YES;
				CODE_SIGN_IDENTITY = "iPhone Developer";
				COPY_PHASE_STRIP = NO;
				CURRENT_PROJECT_VERSION = 1;
				DEBUG_INFORMATION_FORMAT = "dwarf-with-dsym";
				ENABLE_NS_ASSERTIONS = NO;
				ENABLE_STRICT_OBJC_MSGSEND = YES;
				GCC_C_LANGUAGE_STANDARD = gnu11;
				GCC_NO_COMMON_BLOCKS = YES;
				GCC_WARN_64_TO_32_BIT_CONVERSION = YES;
				GCC_WARN_ABOUT_RETURN_TYPE = YES_ERROR;
				GCC_WARN_UNDECLARED_SELECTOR = YES;
				GCC_WARN_UNINITIALIZED_AUTOS = YES_AGGRESSIVE;
				GCC_WARN_UNUSED_FUNCTION = YES;
				GCC_WARN_UNUSED_VARIABLE = YES;
				IPHONEOS_DEPLOYMENT_TARGET = 11.2;
				MTL_ENABLE_DEBUG_INFO = NO;
				SDKROOT = iphoneos;
				SWIFT_OPTIMIZATION_LEVEL = "-Owholemodule";
				VALIDATE_PRODUCT = YES;
				VERSIONING_SYSTEM = "apple-generic";
				VERSION_INFO_PREFIX = "";
			};
			name = Release;
		};
		187139F320D8F75000CA7188 /* Debug */ = {
			isa = XCBuildConfiguration;
			buildSettings = {
				CLANG_ENABLE_MODULES = YES;
				CODE_SIGN_IDENTITY = "";
				CODE_SIGN_STYLE = Automatic;
				DEFINES_MODULE = YES;
				DEVELOPMENT_TEAM = JMJFE5DQ8M;
				DYLIB_COMPATIBILITY_VERSION = 1;
				DYLIB_CURRENT_VERSION = 1;
				DYLIB_INSTALL_NAME_BASE = "@rpath";
				INFOPLIST_FILE = CGlibrary/Info.plist;
				INSTALL_PATH = "$(LOCAL_LIBRARY_DIR)/Frameworks";
				LD_RUNPATH_SEARCH_PATHS = "$(inherited) @executable_path/Frameworks @loader_path/Frameworks";
				PRODUCT_BUNDLE_IDENTIFIER = vivekApp.CGlibrary;
				PRODUCT_NAME = "$(TARGET_NAME:c99extidentifier)";
				SKIP_INSTALL = YES;
				SWIFT_OPTIMIZATION_LEVEL = "-Onone";
				SWIFT_VERSION = 4.0;
				TARGETED_DEVICE_FAMILY = "1,2";
			};
			name = Debug;
		};
		187139F420D8F75000CA7188 /* Release */ = {
			isa = XCBuildConfiguration;
			buildSettings = {
				CLANG_ENABLE_MODULES = YES;
				CODE_SIGN_IDENTITY = "";
				CODE_SIGN_STYLE = Automatic;
				DEFINES_MODULE = YES;
				DEVELOPMENT_TEAM = JMJFE5DQ8M;
				DYLIB_COMPATIBILITY_VERSION = 1;
				DYLIB_CURRENT_VERSION = 1;
				DYLIB_INSTALL_NAME_BASE = "@rpath";
				GCC_OPTIMIZATION_LEVEL = 0;
				INFOPLIST_FILE = CGlibrary/Info.plist;
				INSTALL_PATH = "$(LOCAL_LIBRARY_DIR)/Frameworks";
				LD_RUNPATH_SEARCH_PATHS = "$(inherited) @executable_path/Frameworks @loader_path/Frameworks";
				PRODUCT_BUNDLE_IDENTIFIER = vivekApp.CGlibrary;
				PRODUCT_NAME = "$(TARGET_NAME:c99extidentifier)";
				SKIP_INSTALL = YES;
				SWIFT_OPTIMIZATION_LEVEL = "-Onone";
				SWIFT_VERSION = 4.0;
				TARGETED_DEVICE_FAMILY = "1,2";
			};
			name = Release;
		};
		187139F620D8F75000CA7188 /* Debug */ = {
			isa = XCBuildConfiguration;
			buildSettings = {
				ALWAYS_EMBED_SWIFT_STANDARD_LIBRARIES = YES;
				CODE_SIGN_STYLE = Automatic;
				DEVELOPMENT_TEAM = JMJFE5DQ8M;
				INFOPLIST_FILE = CGlibraryTests/Info.plist;
				LD_RUNPATH_SEARCH_PATHS = "$(inherited) @executable_path/Frameworks @loader_path/Frameworks";
				PRODUCT_BUNDLE_IDENTIFIER = vivekApp.CGlibraryTests;
				PRODUCT_NAME = "$(TARGET_NAME)";
				SWIFT_VERSION = 4.0;
				TARGETED_DEVICE_FAMILY = "1,2";
			};
			name = Debug;
		};
		187139F720D8F75000CA7188 /* Release */ = {
			isa = XCBuildConfiguration;
			buildSettings = {
				ALWAYS_EMBED_SWIFT_STANDARD_LIBRARIES = YES;
				CODE_SIGN_STYLE = Automatic;
				DEVELOPMENT_TEAM = JMJFE5DQ8M;
				INFOPLIST_FILE = CGlibraryTests/Info.plist;
				LD_RUNPATH_SEARCH_PATHS = "$(inherited) @executable_path/Frameworks @loader_path/Frameworks";
				PRODUCT_BUNDLE_IDENTIFIER = vivekApp.CGlibraryTests;
				PRODUCT_NAME = "$(TARGET_NAME)";
				SWIFT_VERSION = 4.0;
				TARGETED_DEVICE_FAMILY = "1,2";
			};
			name = Release;
		};
/* End XCBuildConfiguration section */

/* Begin XCConfigurationList section */
		187139D820D8F74F00CA7188 /* Build configuration list for PBXProject "CGlibrary" */ = {
			isa = XCConfigurationList;
			buildConfigurations = (
				187139F020D8F75000CA7188 /* Debug */,
				187139F120D8F75000CA7188 /* Release */,
			);
			defaultConfigurationIsVisible = 0;
			defaultConfigurationName = Release;
		};
		187139F220D8F75000CA7188 /* Build configuration list for PBXNativeTarget "CGlibrary" */ = {
			isa = XCConfigurationList;
			buildConfigurations = (
				187139F320D8F75000CA7188 /* Debug */,
				187139F420D8F75000CA7188 /* Release */,
			);
			defaultConfigurationIsVisible = 0;
			defaultConfigurationName = Release;
		};
		187139F520D8F75000CA7188 /* Build configuration list for PBXNativeTarget "CGlibraryTests" */ = {
			isa = XCConfigurationList;
			buildConfigurations = (
				187139F620D8F75000CA7188 /* Debug */,
				187139F720D8F75000CA7188 /* Release */,
			);
			defaultConfigurationIsVisible = 0;
			defaultConfigurationName = Release;
		};
/* End XCConfigurationList section */
	};
	rootObject = 187139D520D8F74F00CA7188 /* Project object */;
}
